
Microsoft Visual Studio Solution File, Format Version 12.00
# Visual Studio Version 17
VisualStudioVersion = 17.5.33627.172
MinimumVisualStudioVersion = 10.0.40219.1
Project("{FAE04EC0-301F-11D3-BF4B-00C04F79EFBC}") = "sample-dotnet-6_0", "sample-dotnet-6_0.csproj", "{86942539-B51D-439F-A846-E4A52B49031D}"
EndProject
Global
	GlobalSection(SolutionConfigurationPlatforms) = preSolution
		Debug|Any CPU = Debug|Any CPU
		Release|Any CPU = Release|Any CPU
	EndGlobalSection
	GlobalSection(ProjectConfigurationPlatforms) = postSolution
		{86942539-B51D-439F-A846-E4A52B49031D}.Debug|Any CPU.ActiveCfg = Debug|Any CPU
		{86942539-B51D-439F-A846-E4A52B49031D}.Debug|Any CPU.Build.0 = Debug|Any CPU
		{86942539-B51D-439F-A846-E4A52B49031D}.Release|Any CPU.ActiveCfg = Release|Any CPU
		{86942539-B51D-439F-A846-E4A52B49031D}.Release|Any CPU.Build.0 = Release|Any CPU
	EndGlobalSection
	GlobalSection(SolutionProperties) = preSolution
		HideSolutionNode = FALSE
	EndGlobalSection
	GlobalSection(ExtensibilityGlobals) = postSolution
		SolutionGuid = {BBFDF7FC-5103-423B-BBA3-417A39C42C54}
	EndGlobalSection
EndGlobal
